
Microsoft Visual Studio Solution File, Format Version 12.00
# Visual Studio Version 17
VisualStudioVersion = 17.2.32616.157
MinimumVisualStudioVersion = 10.0.40219.1
Project("{FAE04EC0-301F-11D3-BF4B-00C04F79EFBC}") = "Palindrome", "Palindrome.csproj", "{8591AE1F-358F-4158-9E71-933C4DA54680}"
EndProject
Global
	GlobalSection(SolutionConfigurationPlatforms) = preSolution
		Debug|Any CPU = Debug|Any CPU
		Release|Any CPU = Release|Any CPU
	EndGlobalSection
	GlobalSection(ProjectConfigurationPlatforms) = postSolution
		{8591AE1F-358F-4158-9E71-933C4DA54680}.Debug|Any CPU.ActiveCfg = Debug|Any CPU
		{8591AE1F-358F-4158-9E71-933C4DA54680}.Debug|Any CPU.Build.0 = Debug|Any CPU
		{8591AE1F-358F-4158-9E71-933C4DA54680}.Release|Any CPU.ActiveCfg = Release|Any CPU
		{8591AE1F-358F-4158-9E71-933C4DA54680}.Release|Any CPU.Build.0 = Release|Any CPU
	EndGlobalSection
	GlobalSection(SolutionProperties) = preSolution
		HideSolutionNode = FALSE
	EndGlobalSection
	GlobalSection(ExtensibilityGlobals) = postSolution
		SolutionGuid = {6C1E7366-72B5-47E1-A7F7-D407EA963B35}
	EndGlobalSection
EndGlobal
